{
  "object": {
    "pins": [
      {
        "package": "CHTTPParser",
        "repositoryURL": "https://github.com/IBM-Swift/CHTTPParser.git",
        "state": {
          "branch": null,
          "revision": "36e6ffd3e24580192f5600cef0653abf33670ade",
          "version": "0.5.1"
        }
      },
      {
        "package": "CLibreSSL",
        "repositoryURL": "https://github.com/vapor/clibressl.git",
        "state": {
          "branch": null,
          "revision": "23ddb296981d17a8ee6c7418742a40cad5d2f9d0",
          "version": "1.0.0"
        }
      }
    ]
  },
  "version": 1
}
